PODS:
  - FirebaseCore (8.13.0):
    - FirebaseCoreDiagnostics (~> 8.0)
    - GoogleUtilities/Environment (~> 7.7)
    - GoogleUtilities/Logger (~> 7.7)
  - FirebaseCoreDiagnostics (8.13.0):
    - GoogleDataTransport (~> 9.1)
    - GoogleUtilities/Environment (~> 7.7)
    - GoogleUtilities/Logger (~> 7.7)
    - nanopb (~> 2.30908.0)
  - FirebaseInstallations (8.13.0):
    - FirebaseCore (~> 8.0)
    - GoogleUtilities/Environment (~> 7.7)
    - GoogleUtilities/UserDefaults (~> 7.7)
    - PromisesObjC (< 3.0, >= 1.2)
  - GoogleDataTransport (9.1.2):
    - GoogleUtilities/Environment (~> 7.2)
    - nanopb (~> 2.30908.0)
    - PromisesObjC (< 3.0, >= 1.2)
  - GoogleMLKit/Common (3.0.0):
    - GoogleMLKit/MLKitCore
    - MLKitCommon (~> 6.0.0)
  - GoogleMLKit/ImageLabelingCustom (3.0.0):
    - GoogleMLKit/MLKitCore
    - MLKitImageLabelingCustom (~> 2.0.0)
  - GoogleMLKit/LinkFirebase (3.0.0):
    - GoogleMLKit/MLKitCore
    - MLKitLinkFirebase (~> 2.0.0)
  - GoogleMLKit/MLKitCore (3.0.0):
    - MLKitCommon (~> 6.0.0)
  - GoogleMLKit/ObjectDetectionCustom (3.0.0):
    - GoogleMLKit/MLKitCore
    - MLKitObjectDetectionCustom (~> 2.0.0)
  - GoogleMLKit/Vision (3.0.0):
    - GoogleMLKit/MLKitCore
    - MLKitVision (~> 4.0.0)
  - GoogleToolboxForMac/DebugUtils (2.3.2):
    - GoogleToolboxForMac/Defines (= 2.3.2)
  - GoogleToolboxForMac/Defines (2.3.2)
  - GoogleToolboxForMac/Logger (2.3.2):
    - GoogleToolboxForMac/Defines (= 2.3.2)
  - "GoogleToolboxForMac/NSData+zlib (2.3.2)":
    - GoogleToolboxForMac/Defines (= 2.3.2)
  - "GoogleToolboxForMac/NSDictionary+URLArguments (2.3.2)":
    - GoogleToolboxForMac/DebugUtils (= 2.3.2)
    - GoogleToolboxForMac/Defines (= 2.3.2)
    - "GoogleToolboxForMac/NSString+URLArguments (= 2.3.2)"
  - "GoogleToolboxForMac/NSString+URLArguments (2.3.2)"
  - GoogleUtilities/Environment (7.7.0):
    - PromisesObjC (< 3.0, >= 1.2)
  - GoogleUtilities/Logger (7.7.0):
    - GoogleUtilities/Environment
  - GoogleUtilities/UserDefaults (7.7.0):
    - GoogleUtilities/Logger
  - GoogleUtilitiesComponents (1.1.0):
    - GoogleUtilities/Logger
  - GTMSessionFetcher/Core (1.7.2)
  - MLImage (1.0.0-beta2)
  - MLKitCommon (6.0.0):
    - GoogleDataTransport (~> 9.0)
    - GoogleToolboxForMac/Logger (~> 2.1)
    - "GoogleToolboxForMac/NSData+zlib (~> 2.1)"
    - "GoogleToolboxForMac/NSDictionary+URLArguments (~> 2.1)"
    - GoogleUtilities/UserDefaults (~> 7.0)
    - GoogleUtilitiesComponents (~> 1.0)
    - GTMSessionFetcher/Core (~> 1.1)
    - Protobuf (~> 3.12)
  - MLKitImageLabelingCommon (4.0.0):
    - MLKitCommon (~> 6.0)
    - MLKitVision (~> 4.0)
  - MLKitImageLabelingCustom (2.0.0):
    - MLKitCommon (~> 6.0)
    - MLKitImageLabelingCommon (~> 4.0)
    - MLKitVision (~> 4.0)
    - MLKitVisionKit (~> 5.0)
  - MLKitLinkFirebase (2.0.0):
    - FirebaseCore (~> 8.0)
    - FirebaseInstallations (~> 8.0)
    - GTMSessionFetcher/Core (~> 1.1)
    - MLKitCommon (~> 6.0)
  - MLKitObjectDetectionCommon (4.0.0):
    - MLKitCommon (~> 6.0)
    - MLKitVision (~> 4.0)
  - MLKitObjectDetectionCustom (2.0.0):
    - MLKitCommon (~> 6.0)
    - MLKitObjectDetectionCommon (~> 4.0)
    - MLKitVision (~> 4.0)
    - MLKitVisionKit (~> 5.0)
  - MLKitVision (4.0.0):
    - GoogleToolboxForMac/Logger (~> 2.1)
    - "GoogleToolboxForMac/NSData+zlib (~> 2.1)"
    - GTMSessionFetcher/Core (~> 1.1)
    - MLImage (= 1.0.0-beta2)
    - MLKitCommon (~> 6.0)
    - Protobuf (~> 3.12)
  - MLKitVisionKit (5.0.0):
    - MLKitCommon (~> 6.0)
    - MLKitImageLabelingCommon (~> 4.0)
    - MLKitObjectDetectionCommon (~> 4.0)
    - MLKitVision (~> 4.0)
  - nanopb (2.30908.0):
    - nanopb/decode (= 2.30908.0)
    - nanopb/encode (= 2.30908.0)
  - nanopb/decode (2.30908.0)
  - nanopb/encode (2.30908.0)
  - PromisesObjC (2.0.0)
  - Protobuf (3.21.2)

DEPENDENCIES:
  - GoogleMLKit/Common (= 3.0.0)
  - GoogleMLKit/ImageLabelingCustom (= 3.0.0)
  - GoogleMLKit/LinkFirebase (= 3.0.0)
  - GoogleMLKit/ObjectDetectionCustom (= 3.0.0)
  - GoogleMLKit/Vision (= 3.0.0)

SPEC REPOS:
  trunk:
    - FirebaseCore
    - FirebaseCoreDiagnostics
    - FirebaseInstallations
    - GoogleDataTransport
    - GoogleMLKit
    - GoogleToolboxForMac
    - GoogleUtilities
    - GoogleUtilitiesComponents
    - GTMSessionFetcher
    - MLImage
    - MLKitCommon
    - MLKitImageLabelingCommon
    - MLKitImageLabelingCustom
    - MLKitLinkFirebase
    - MLKitObjectDetectionCommon
    - MLKitObjectDetectionCustom
    - MLKitVision
    - MLKitVisionKit
    - nanopb
    - PromisesObjC
    - Protobuf

SPEC CHECKSUMS:
  FirebaseCore: c7e3fa30492e50ccdeef280bf0d5584af38da3e1
  FirebaseCoreDiagnostics: c2836d254a8f0bbb4121ff18f2c2ea39d118fd08
  FirebaseInstallations: 60edbf7e11d91ae4c751d26c200dfd037099abe0
  GoogleDataTransport: 629c20a4d363167143f30ea78320d5a7eb8bd940
  GoogleMLKit: 69ae034947ca5220c842a3096d574765c9b6b8b8
  GoogleToolboxForMac: 8bef7c7c5cf7291c687cf5354f39f9db6399ad34
  GoogleUtilities: e0913149f6b0625b553d70dae12b49fc62914fd1
  GoogleUtilitiesComponents: 679b2c881db3b615a2777504623df6122dd20afe
  GTMSessionFetcher: 5595ec75acf5be50814f81e9189490412bad82ba
  MLImage: a454f9f8ecfd537783a12f9488f5be1a68820829
  MLKitCommon: 534d2b24c1f8676db247bd7ee5733eca1b52968b
  MLKitImageLabelingCommon: 9906b40bc1ae6dc8fbc7cfd4e6025fda8288f2eb
  MLKitImageLabelingCustom: 79f90fa55bddd01eae5aded1b2ac2a3f39b926cc
  MLKitLinkFirebase: dfd2caa2ea18caa167e0a752525a9b63f4d5468f
  MLKitObjectDetectionCommon: 62ad2aefeb356af309747f3eb35a8db3473ef91d
  MLKitObjectDetectionCustom: 6a977f48558f7aea7a8e1d8babca62f14a893ce2
  MLKitVision: 5e393f4d8a28be57b6384a3665f5f041deff9c2e
  MLKitVisionKit: a0e53bf59de5ad3cb54ea6e51994648cb45c3a91
  nanopb: a0ba3315591a9ae0a16a309ee504766e90db0c96
  PromisesObjC: 68159ce6952d93e17b2dfe273b8c40907db5ba58
  Protobuf: 818c6a87e44193a77f56b87c6a1c106efda7e062

PODFILE CHECKSUM: 1de1e92c6d7402f3269bb2eb7f821722f7c6dc0c

COCOAPODS: 1.11.2
